
Microsoft Visual Studio Solution File, Format Version 12.00
# Visual Studio 15
VisualStudioVersion = 15.0.26228.9
MinimumVisualStudioVersion = 10.0.40219.1
Project("{9A19103F-16F7-4668-BE54-9A1E7A4F7556}") = "JsonRpcServer", "samples\JsonRpcServer\JsonRpcServer.csproj", "{DCBE198A-70ED-4074-9FE6-DDFDCD77CDB5}"
	ProjectSection(ProjectDependencies) = postProject
		{B8721107-F72A-42D3-9DF0-D18EDCCAC5A1} = {B8721107-F72A-42D3-9DF0-D18EDCCAC5A1}
		{194C2A5C-16DC-4DC3-8635-36821B2F1A9B} = {194C2A5C-16DC-4DC3-8635-36821B2F1A9B}
	EndProjectSection
EndProject
Project("{9A19103F-16F7-4668-BE54-9A1E7A4F7556}") = "Bamboo.WebSocketManager.Common", "src\Bamboo.WebSocketManager.Common\Bamboo.WebSocketManager.Common.csproj", "{B8721107-F72A-42D3-9DF0-D18EDCCAC5A1}"
EndProject
Project("{9A19103F-16F7-4668-BE54-9A1E7A4F7556}") = "Bamboo.WebSocketManager", "src\Bamboo.WebSocketManager\Bamboo.WebSocketManager.csproj", "{194C2A5C-16DC-4DC3-8635-36821B2F1A9B}"
EndProject
Global
	GlobalSection(SolutionConfigurationPlatforms) = preSolution
		Debug|Any CPU = Debug|Any CPU
		Debug|x64 = Debug|x64
		Debug|x86 = Debug|x86
		Release|Any CPU = Release|Any CPU
		Release|x64 = Release|x64
		Release|x86 = Release|x86
	EndGlobalSection
	GlobalSection(ProjectConfigurationPlatforms) = postSolution
		{DCBE198A-70ED-4074-9FE6-DDFDCD77CDB5}.Debug|Any CPU.ActiveCfg = Debug|Any CPU
		{DCBE198A-70ED-4074-9FE6-DDFDCD77CDB5}.Debug|Any CPU.Build.0 = Debug|Any CPU
		{DCBE198A-70ED-4074-9FE6-DDFDCD77CDB5}.Debug|x64.ActiveCfg = Debug|Any CPU
		{DCBE198A-70ED-4074-9FE6-DDFDCD77CDB5}.Debug|x64.Build.0 = Debug|Any CPU
		{DCBE198A-70ED-4074-9FE6-DDFDCD77CDB5}.Debug|x86.ActiveCfg = Debug|Any CPU
		{DCBE198A-70ED-4074-9FE6-DDFDCD77CDB5}.Debug|x86.Build.0 = Debug|Any CPU
		{DCBE198A-70ED-4074-9FE6-DDFDCD77CDB5}.Release|Any CPU.ActiveCfg = Release|Any CPU
		{DCBE198A-70ED-4074-9FE6-DDFDCD77CDB5}.Release|Any CPU.Build.0 = Release|Any CPU
		{DCBE198A-70ED-4074-9FE6-DDFDCD77CDB5}.Release|x64.ActiveCfg = Release|Any CPU
		{DCBE198A-70ED-4074-9FE6-DDFDCD77CDB5}.Release|x64.Build.0 = Release|Any CPU
		{DCBE198A-70ED-4074-9FE6-DDFDCD77CDB5}.Release|x86.ActiveCfg = Release|Any CPU
		{DCBE198A-70ED-4074-9FE6-DDFDCD77CDB5}.Release|x86.Build.0 = Release|Any CPU
		{B8721107-F72A-42D3-9DF0-D18EDCCAC5A1}.Debug|Any CPU.ActiveCfg = Debug|Any CPU
		{B8721107-F72A-42D3-9DF0-D18EDCCAC5A1}.Debug|Any CPU.Build.0 = Debug|Any CPU
		{B8721107-F72A-42D3-9DF0-D18EDCCAC5A1}.Debug|x64.ActiveCfg = Debug|Any CPU
		{B8721107-F72A-42D3-9DF0-D18EDCCAC5A1}.Debug|x64.Build.0 = Debug|Any CPU
		{B8721107-F72A-42D3-9DF0-D18EDCCAC5A1}.Debug|x86.ActiveCfg = Debug|Any CPU
		{B8721107-F72A-42D3-9DF0-D18EDCCAC5A1}.Debug|x86.Build.0 = Debug|Any CPU
		{B8721107-F72A-42D3-9DF0-D18EDCCAC5A1}.Release|Any CPU.ActiveCfg = Release|Any CPU
		{B8721107-F72A-42D3-9DF0-D18EDCCAC5A1}.Release|Any CPU.Build.0 = Release|Any CPU
		{B8721107-F72A-42D3-9DF0-D18EDCCAC5A1}.Release|x64.ActiveCfg = Release|Any CPU
		{B8721107-F72A-42D3-9DF0-D18EDCCAC5A1}.Release|x64.Build.0 = Release|Any CPU
		{B8721107-F72A-42D3-9DF0-D18EDCCAC5A1}.Release|x86.ActiveCfg = Release|Any CPU
		{B8721107-F72A-42D3-9DF0-D18EDCCAC5A1}.Release|x86.Build.0 = Release|Any CPU
		{194C2A5C-16DC-4DC3-8635-36821B2F1A9B}.Debug|Any CPU.ActiveCfg = Debug|Any CPU
		{194C2A5C-16DC-4DC3-8635-36821B2F1A9B}.Debug|Any CPU.Build.0 = Debug|Any CPU
		{194C2A5C-16DC-4DC3-8635-36821B2F1A9B}.Debug|x64.ActiveCfg = Debug|Any CPU
		{194C2A5C-16DC-4DC3-8635-36821B2F1A9B}.Debug|x64.Build.0 = Debug|Any CPU
		{194C2A5C-16DC-4DC3-8635-36821B2F1A9B}.Debug|x86.ActiveCfg = Debug|Any CPU
		{194C2A5C-16DC-4DC3-8635-36821B2F1A9B}.Debug|x86.Build.0 = Debug|Any CPU
		{194C2A5C-16DC-4DC3-8635-36821B2F1A9B}.Release|Any CPU.ActiveCfg = Release|Any CPU
		{194C2A5C-16DC-4DC3-8635-36821B2F1A9B}.Release|Any CPU.Build.0 = Release|Any CPU
		{194C2A5C-16DC-4DC3-8635-36821B2F1A9B}.Release|x64.ActiveCfg = Release|Any CPU
		{194C2A5C-16DC-4DC3-8635-36821B2F1A9B}.Release|x64.Build.0 = Release|Any CPU
		{194C2A5C-16DC-4DC3-8635-36821B2F1A9B}.Release|x86.ActiveCfg = Release|Any CPU
		{194C2A5C-16DC-4DC3-8635-36821B2F1A9B}.Release|x86.Build.0 = Release|Any CPU
	EndGlobalSection
	GlobalSection(SolutionProperties) = preSolution
		HideSolutionNode = FALSE
	EndGlobalSection
	GlobalSection(ExtensibilityGlobals) = postSolution
		SolutionGuid = {2D4E20FB-D972-459C-B099-B7787F13ED47}
	EndGlobalSection
	GlobalSection(MonoDevelopProperties) = preSolution
		Policies = $0
		$0.StandardHeader = $1
		version = 0.2
	EndGlobalSection
EndGlobal
